
Microsoft Visual Studio Solution File, Format Version 12.00
# Visual Studio Version 16
VisualStudioVersion = 16.0.35706.149
MinimumVisualStudioVersion = 10.0.40219.1
Project("{F184B08F-C81C-45F6-A57F-5ABD9991F28F}") = "MathShodown", "MathShodown\MathShodown.vbproj", "{A89AD177-1FD9-4899-BB4A-7A90BA2AFE63}"
EndProject
Global
	GlobalSection(SolutionConfigurationPlatforms) = preSolution
		Debug|Any CPU = Debug|Any CPU
		Release|Any CPU = Release|Any CPU
	EndGlobalSection
	GlobalSection(ProjectConfigurationPlatforms) = postSolution
		{A89AD177-1FD9-4899-BB4A-7A90BA2AFE63}.Debug|Any CPU.ActiveCfg = Debug|Any CPU
		{A89AD177-1FD9-4899-BB4A-7A90BA2AFE63}.Debug|Any CPU.Build.0 = Debug|Any CPU
		{A89AD177-1FD9-4899-BB4A-7A90BA2AFE63}.Release|Any CPU.ActiveCfg = Release|Any CPU
		{A89AD177-1FD9-4899-BB4A-7A90BA2AFE63}.Release|Any CPU.Build.0 = Release|Any CPU
	EndGlobalSection
	GlobalSection(SolutionProperties) = preSolution
		HideSolutionNode = FALSE
	EndGlobalSection
	GlobalSection(ExtensibilityGlobals) = postSolution
		SolutionGuid = {154FA9D4-DD46-4033-8340-91249453CE09}
	EndGlobalSection
EndGlobal
